{
  "name": "playwright_custom_agents",
  "version": "1.0.0",
  "lockfileVersion": 3,
  "requires": true,
  "packages": {
    "": {
      "name": "playwright_custom_agents",
      "version": "1.0.0",
      "license": "ISC",
      "devDependencies": {
        "@playwright/test": "^1.63.0",
        "@types/node": "^26.5.0",
        "allure-commandline": "^2.43.0",
        "allure-playwright": "^3.12.0"
      }
    },
    "node_modules/@playwright/test": {
      "version": "1.63.0",
      "resolved": "https://registry.npmjs.org/@playwright/test/-/test-1.63.0.tgz",
      "integrity": "sha512-oxMK4vllB9RK5NQ2l1pq1IfOf2AvnEuj/vYGDj0H2nMtmtZpKtCwt/l00GEO6xjGfpBNAvjovvYdCm50dRQkpQ==",
      "dev": true,
      "license": "Apache-2.0",
      "dependencies": {"playwright": "1.63.0"},
      "bin": {"playwright": "cli.js"},
      "engines": {"node": ">=20"}
    },
    "node_modules/@types/node": {"version":"26.5.0","resolved":"https://registry.npmjs.org/@types/node/-/node-26.5.0.tgz","integrity":"sha512-dVSGpriSoCgz8WnDNTuSSuSv1PC/ALXihO4ulRZt7Md8k9mlbdin3lGOcDE8SnWOgf513ByWlXd7BK4azmyg/A==","dev":true,"license":"MIT","dependencies":{"undici-types":"~8.9.0"}},
    "node_modules/allure-commandline": {"version":"2.43.0","resolved":"https://registry.npmjs.org/allure-commandline/-/allure-commandline-2.43.0.tgz","integrity":"sha512-nsqccDOgi80fi9WjvBapZjlFlugodVWudotNtWx6XKiSI7NuN6oTWEkXnkxQBzNg02Yf9lZLtCFlKvjAlcpu6Q==","dev":true,"license":"Apache-2.0","bin":{"allure":"bin/allure"}},
    "node_modules/allure-js-commons": {"version":"3.12.0","resolved":"https://registry.npmjs.org/allure-js-commons/-/allure-js-commons-3.12.0.tgz","integrity":"sha512-nMuW5x2fPyysHiZFDW/iOaQLVNgiiyJzvun6sxDZVL1FdpWBjmZl1SYuVEx84UnfwmX27wZ3MjqVYqckH7uX9w==","dev":true,"license":"Apache-2.0","dependencies":{"md5":"^2.3.0"},"peerDependencies":{"allure-playwright":"3.12.0"},"peerDependenciesMeta":{"allure-playwright":{"optional":true}}},
    "node_modules/allure-playwright": {"version":"3.12.0","resolved":"https://registry.npmjs.org/allure-playwright/-/allure-playwright-3.12.0.tgz","integrity":"sha512-nAKusqO6YVisJbjSD3Ds5lfV3DsW3TZs1Hm07bntKNwDxrXRCmZMhYGfhmXBzM5G0IqLHkkZd/hR3baFvpQKOQ==","dev":true,"license":"Apache-2.0","dependencies":{"allure-js-commons":"3.12.0"},"peerDependencies":{"@playwright/test":">=1.62.0"}},
    "node_modules/node_modules-placeholder": {"version":"0.0.0"}
  }
}